
Microsoft Visual Studio Solution File, Format Version 12.00
# Visual Studio Version 16
VisualStudioVersion = 16.0.30204.135
MinimumVisualStudioVersion = 10.0.40219.1
Project("{FAE04EC0-301F-11D3-BF4B-00C04F79EFBC}") = "RangeExtraction", "RangeExtraction\RangeExtraction.csproj", "{F55DDB3C-28BC-4973-858B-685AACB0DA48}"
EndProject
Project("{FAE04EC0-301F-11D3-BF4B-00C04F79EFBC}") = "Tests", "Tests\Tests.csproj", "{C9F27051-8A64-4DCC-92F9-71F0F552D281}"
EndProject
Global
	GlobalSection(SolutionConfigurationPlatforms) = preSolution
		Debug|Any CPU = Debug|Any CPU
		Release|Any CPU = Release|Any CPU
	EndGlobalSection
	GlobalSection(ProjectConfigurationPlatforms) = postSolution
		{F55DDB3C-28BC-4973-858B-685AACB0DA48}.Debug|Any CPU.ActiveCfg = Debug|Any CPU
		{F55DDB3C-28BC-4973-858B-685AACB0DA48}.Debug|Any CPU.Build.0 = Debug|Any CPU
		{F55DDB3C-28BC-4973-858B-685AACB0DA48}.Release|Any CPU.ActiveCfg = Release|Any CPU
		{F55DDB3C-28BC-4973-858B-685AACB0DA48}.Release|Any CPU.Build.0 = Release|Any CPU
		{C9F27051-8A64-4DCC-92F9-71F0F552D281}.Debug|Any CPU.ActiveCfg = Debug|Any CPU
		{C9F27051-8A64-4DCC-92F9-71F0F552D281}.Debug|Any CPU.Build.0 = Debug|Any CPU
		{C9F27051-8A64-4DCC-92F9-71F0F552D281}.Release|Any CPU.ActiveCfg = Release|Any CPU
		{C9F27051-8A64-4DCC-92F9-71F0F552D281}.Release|Any CPU.Build.0 = Release|Any CPU
	EndGlobalSection
	GlobalSection(SolutionProperties) = preSolution
		HideSolutionNode = FALSE
	EndGlobalSection
	GlobalSection(ExtensibilityGlobals) = postSolution
		SolutionGuid = {92B20841-B3FB-4E2F-94A9-90F728CBAC24}
	EndGlobalSection
EndGlobal
