
Microsoft Visual Studio Solution File, Format Version 12.00
# Visual Studio Version 16
VisualStudioVersion = 16.0.30011.22
MinimumVisualStudioVersion = 10.0.40219.1
Project("{FAE04EC0-301F-11D3-BF4B-00C04F79EFBC}") = "Multiples3Or5", "Multiples3Or5\Multiples3Or5.csproj", "{B4FA493B-3B81-49A4-BE6C-C806C4307CFE}"
EndProject
Project("{FAE04EC0-301F-11D3-BF4B-00C04F79EFBC}") = "Tests", "Tests\Tests.csproj", "{BEE6EC66-4C17-4256-9EF7-D1E79B000CD5}"
EndProject
Global
	GlobalSection(SolutionConfigurationPlatforms) = preSolution
		Debug|Any CPU = Debug|Any CPU
		Release|Any CPU = Release|Any CPU
	EndGlobalSection
	GlobalSection(ProjectConfigurationPlatforms) = postSolution
		{B4FA493B-3B81-49A4-BE6C-C806C4307CFE}.Debug|Any CPU.ActiveCfg = Debug|Any CPU
		{B4FA493B-3B81-49A4-BE6C-C806C4307CFE}.Debug|Any CPU.Build.0 = Debug|Any CPU
		{B4FA493B-3B81-49A4-BE6C-C806C4307CFE}.Release|Any CPU.ActiveCfg = Release|Any CPU
		{B4FA493B-3B81-49A4-BE6C-C806C4307CFE}.Release|Any CPU.Build.0 = Release|Any CPU
		{BEE6EC66-4C17-4256-9EF7-D1E79B000CD5}.Debug|Any CPU.ActiveCfg = Debug|Any CPU
		{BEE6EC66-4C17-4256-9EF7-D1E79B000CD5}.Debug|Any CPU.Build.0 = Debug|Any CPU
		{BEE6EC66-4C17-4256-9EF7-D1E79B000CD5}.Release|Any CPU.ActiveCfg = Release|Any CPU
		{BEE6EC66-4C17-4256-9EF7-D1E79B000CD5}.Release|Any CPU.Build.0 = Release|Any CPU
	EndGlobalSection
	GlobalSection(SolutionProperties) = preSolution
		HideSolutionNode = FALSE
	EndGlobalSection
	GlobalSection(ExtensibilityGlobals) = postSolution
		SolutionGuid = {61B51C08-8446-48D0-AE1E-22A884900D4B}
	EndGlobalSection
EndGlobal
