
Microsoft Visual Studio Solution File, Format Version 12.00
# Visual Studio Version 16
VisualStudioVersion = 16.0.30011.22
MinimumVisualStudioVersion = 10.0.40219.1
Project("{FAE04EC0-301F-11D3-BF4B-00C04F79EFBC}") = "VowelCount", "VowelCount\VowelCount.csproj", "{0AD25403-2487-493A-85B0-8AA75C014DD1}"
EndProject
Project("{FAE04EC0-301F-11D3-BF4B-00C04F79EFBC}") = "Tests", "Tests\Tests.csproj", "{A3F74583-93A0-4362-A697-2956606F3EBE}"
EndProject
Global
	GlobalSection(SolutionConfigurationPlatforms) = preSolution
		Debug|Any CPU = Debug|Any CPU
		Release|Any CPU = Release|Any CPU
	EndGlobalSection
	GlobalSection(ProjectConfigurationPlatforms) = postSolution
		{0AD25403-2487-493A-85B0-8AA75C014DD1}.Debug|Any CPU.ActiveCfg = Debug|Any CPU
		{0AD25403-2487-493A-85B0-8AA75C014DD1}.Debug|Any CPU.Build.0 = Debug|Any CPU
		{0AD25403-2487-493A-85B0-8AA75C014DD1}.Release|Any CPU.ActiveCfg = Release|Any CPU
		{0AD25403-2487-493A-85B0-8AA75C014DD1}.Release|Any CPU.Build.0 = Release|Any CPU
		{A3F74583-93A0-4362-A697-2956606F3EBE}.Debug|Any CPU.ActiveCfg = Debug|Any CPU
		{A3F74583-93A0-4362-A697-2956606F3EBE}.Debug|Any CPU.Build.0 = Debug|Any CPU
		{A3F74583-93A0-4362-A697-2956606F3EBE}.Release|Any CPU.ActiveCfg = Release|Any CPU
		{A3F74583-93A0-4362-A697-2956606F3EBE}.Release|Any CPU.Build.0 = Release|Any CPU
	EndGlobalSection
	GlobalSection(SolutionProperties) = preSolution
		HideSolutionNode = FALSE
	EndGlobalSection
	GlobalSection(ExtensibilityGlobals) = postSolution
		SolutionGuid = {BC722DA8-8E7E-4B56-B9E6-5C5218DAB7B6}
	EndGlobalSection
EndGlobal
