
Microsoft Visual Studio Solution File, Format Version 12.00
# Visual Studio Version 16
VisualStudioVersion = 16.0.30011.22
MinimumVisualStudioVersion = 10.0.40219.1
Project("{FAE04EC0-301F-11D3-BF4B-00C04F79EFBC}") = "PigLatin", "PigLatin\PigLatin.csproj", "{D6B57195-0A5D-4F73-AD82-70597DB7F141}"
EndProject
Project("{FAE04EC0-301F-11D3-BF4B-00C04F79EFBC}") = "Tests", "Tests\Tests.csproj", "{59B8537F-06F1-4772-8CF7-4553CECC223A}"
EndProject
Global
	GlobalSection(SolutionConfigurationPlatforms) = preSolution
		Debug|Any CPU = Debug|Any CPU
		Release|Any CPU = Release|Any CPU
	EndGlobalSection
	GlobalSection(ProjectConfigurationPlatforms) = postSolution
		{D6B57195-0A5D-4F73-AD82-70597DB7F141}.Debug|Any CPU.ActiveCfg = Debug|Any CPU
		{D6B57195-0A5D-4F73-AD82-70597DB7F141}.Debug|Any CPU.Build.0 = Debug|Any CPU
		{D6B57195-0A5D-4F73-AD82-70597DB7F141}.Release|Any CPU.ActiveCfg = Release|Any CPU
		{D6B57195-0A5D-4F73-AD82-70597DB7F141}.Release|Any CPU.Build.0 = Release|Any CPU
		{59B8537F-06F1-4772-8CF7-4553CECC223A}.Debug|Any CPU.ActiveCfg = Debug|Any CPU
		{59B8537F-06F1-4772-8CF7-4553CECC223A}.Debug|Any CPU.Build.0 = Debug|Any CPU
		{59B8537F-06F1-4772-8CF7-4553CECC223A}.Release|Any CPU.ActiveCfg = Release|Any CPU
		{59B8537F-06F1-4772-8CF7-4553CECC223A}.Release|Any CPU.Build.0 = Release|Any CPU
	EndGlobalSection
	GlobalSection(SolutionProperties) = preSolution
		HideSolutionNode = FALSE
	EndGlobalSection
	GlobalSection(ExtensibilityGlobals) = postSolution
		SolutionGuid = {F9101964-D00B-44CB-9251-C2643275A379}
	EndGlobalSection
EndGlobal
