
Microsoft Visual Studio Solution File, Format Version 12.00
# Visual Studio Version 16
VisualStudioVersion = 16.0.30204.135
MinimumVisualStudioVersion = 10.0.40219.1
Project("{FAE04EC0-301F-11D3-BF4B-00C04F79EFBC}") = "DecodeMorse6", "DecodeMorse6\DecodeMorse6.csproj", "{60038F7C-1680-4F2E-A907-38BAEC34770F}"
EndProject
Project("{FAE04EC0-301F-11D3-BF4B-00C04F79EFBC}") = "Tests", "Tests\Tests.csproj", "{D8CDC4E7-BF14-43BB-B8E9-7DAA0D0EA0DA}"
EndProject
Global
	GlobalSection(SolutionConfigurationPlatforms) = preSolution
		Debug|Any CPU = Debug|Any CPU
		Release|Any CPU = Release|Any CPU
	EndGlobalSection
	GlobalSection(ProjectConfigurationPlatforms) = postSolution
		{60038F7C-1680-4F2E-A907-38BAEC34770F}.Debug|Any CPU.ActiveCfg = Debug|Any CPU
		{60038F7C-1680-4F2E-A907-38BAEC34770F}.Debug|Any CPU.Build.0 = Debug|Any CPU
		{60038F7C-1680-4F2E-A907-38BAEC34770F}.Release|Any CPU.ActiveCfg = Release|Any CPU
		{60038F7C-1680-4F2E-A907-38BAEC34770F}.Release|Any CPU.Build.0 = Release|Any CPU
		{D8CDC4E7-BF14-43BB-B8E9-7DAA0D0EA0DA}.Debug|Any CPU.ActiveCfg = Debug|Any CPU
		{D8CDC4E7-BF14-43BB-B8E9-7DAA0D0EA0DA}.Debug|Any CPU.Build.0 = Debug|Any CPU
		{D8CDC4E7-BF14-43BB-B8E9-7DAA0D0EA0DA}.Release|Any CPU.ActiveCfg = Release|Any CPU
		{D8CDC4E7-BF14-43BB-B8E9-7DAA0D0EA0DA}.Release|Any CPU.Build.0 = Release|Any CPU
	EndGlobalSection
	GlobalSection(SolutionProperties) = preSolution
		HideSolutionNode = FALSE
	EndGlobalSection
	GlobalSection(ExtensibilityGlobals) = postSolution
		SolutionGuid = {82F6219F-4C3F-4D5D-A0FF-EAAAB0FAEE5E}
	EndGlobalSection
EndGlobal
